
Microsoft Visual Studio Solution File, Format Version 11.00
# Visual Studio 2010
Project("{FAE04EC0-301F-11D3-BF4B-00C04F79EFBC}") = "GameLib", "GameLib\GameLib.csproj", "{6753E52E-5797-4B4C-9C27-89EFA2E2208A}"
EndProject
Project("{FAE04EC0-301F-11D3-BF4B-00C04F79EFBC}") = "GameLibTest", "GameLibTest\GameLibTest\GameLibTest.csproj", "{0618195D-27B2-4E3D-8999-7394F8B6E17F}"
EndProject
Project("{FAE04EC0-301F-11D3-BF4B-00C04F79EFBC}") = "GameLibTestContent", "GameLibTest\GameLibTestContent\GameLibTestContent.contentproj", "{565D78F0-C5A3-485E-8D18-21CDCDFDBD7A}"
EndProject
Project("{FAE04EC0-301F-11D3-BF4B-00C04F79EFBC}") = "Farseer Physics XNA", "Farseer Physics Engine 3.3.1\Farseer Physics XNA.csproj", "{0A850700-1ABB-4288-A391-6726B90EBEB9}"
EndProject
Global
	GlobalSection(SolutionConfigurationPlatforms) = preSolution
		Debug|Any CPU = Debug|Any CPU
		Debug|Mixed Platforms = Debug|Mixed Platforms
		Debug|x86 = Debug|x86
		Release|Any CPU = Release|Any CPU
		Release|Mixed Platforms = Release|Mixed Platforms
		Release|x86 = Release|x86
	EndGlobalSection
	GlobalSection(ProjectConfigurationPlatforms) = postSolution
		{6753E52E-5797-4B4C-9C27-89EFA2E2208A}.Debug|Any CPU.ActiveCfg = Debug|x86
		{6753E52E-5797-4B4C-9C27-89EFA2E2208A}.Debug|Mixed Platforms.ActiveCfg = Debug|x86
		{6753E52E-5797-4B4C-9C27-89EFA2E2208A}.Debug|Mixed Platforms.Build.0 = Debug|x86
		{6753E52E-5797-4B4C-9C27-89EFA2E2208A}.Debug|x86.ActiveCfg = Debug|x86
		{6753E52E-5797-4B4C-9C27-89EFA2E2208A}.Debug|x86.Build.0 = Debug|x86
		{6753E52E-5797-4B4C-9C27-89EFA2E2208A}.Release|Any CPU.ActiveCfg = Release|x86
		{6753E52E-5797-4B4C-9C27-89EFA2E2208A}.Release|Mixed Platforms.ActiveCfg = Release|x86
		{6753E52E-5797-4B4C-9C27-89EFA2E2208A}.Release|Mixed Platforms.Build.0 = Release|x86
		{6753E52E-5797-4B4C-9C27-89EFA2E2208A}.Release|x86.ActiveCfg = Release|x86
		{6753E52E-5797-4B4C-9C27-89EFA2E2208A}.Release|x86.Build.0 = Release|x86
		{0618195D-27B2-4E3D-8999-7394F8B6E17F}.Debug|Any CPU.ActiveCfg = Debug|x86
		{0618195D-27B2-4E3D-8999-7394F8B6E17F}.Debug|Mixed Platforms.ActiveCfg = Debug|x86
		{0618195D-27B2-4E3D-8999-7394F8B6E17F}.Debug|Mixed Platforms.Build.0 = Debug|x86
		{0618195D-27B2-4E3D-8999-7394F8B6E17F}.Debug|x86.ActiveCfg = Debug|x86
		{0618195D-27B2-4E3D-8999-7394F8B6E17F}.Debug|x86.Build.0 = Debug|x86
		{0618195D-27B2-4E3D-8999-7394F8B6E17F}.Release|Any CPU.ActiveCfg = Release|x86
		{0618195D-27B2-4E3D-8999-7394F8B6E17F}.Release|Mixed Platforms.ActiveCfg = Release|x86
		{0618195D-27B2-4E3D-8999-7394F8B6E17F}.Release|Mixed Platforms.Build.0 = Release|x86
		{0618195D-27B2-4E3D-8999-7394F8B6E17F}.Release|x86.ActiveCfg = Release|x86
		{0618195D-27B2-4E3D-8999-7394F8B6E17F}.Release|x86.Build.0 = Release|x86
		{565D78F0-C5A3-485E-8D18-21CDCDFDBD7A}.Debug|Any CPU.ActiveCfg = Debug|x86
		{565D78F0-C5A3-485E-8D18-21CDCDFDBD7A}.Debug|Mixed Platforms.ActiveCfg = Debug|x86
		{565D78F0-C5A3-485E-8D18-21CDCDFDBD7A}.Debug|x86.ActiveCfg = Debug|x86
		{565D78F0-C5A3-485E-8D18-21CDCDFDBD7A}.Release|Any CPU.ActiveCfg = Release|x86
		{565D78F0-C5A3-485E-8D18-21CDCDFDBD7A}.Release|Mixed Platforms.ActiveCfg = Release|x86
		{565D78F0-C5A3-485E-8D18-21CDCDFDBD7A}.Release|x86.ActiveCfg = Release|x86
		{0A850700-1ABB-4288-A391-6726B90EBEB9}.Debug|Any CPU.ActiveCfg = Debug|x86
		{0A850700-1ABB-4288-A391-6726B90EBEB9}.Debug|Mixed Platforms.ActiveCfg = Debug|x86
		{0A850700-1ABB-4288-A391-6726B90EBEB9}.Debug|Mixed Platforms.Build.0 = Debug|x86
		{0A850700-1ABB-4288-A391-6726B90EBEB9}.Debug|x86.ActiveCfg = Debug|x86
		{0A850700-1ABB-4288-A391-6726B90EBEB9}.Debug|x86.Build.0 = Debug|x86
		{0A850700-1ABB-4288-A391-6726B90EBEB9}.Release|Any CPU.ActiveCfg = Release|x86
		{0A850700-1ABB-4288-A391-6726B90EBEB9}.Release|Mixed Platforms.ActiveCfg = Release|x86
		{0A850700-1ABB-4288-A391-6726B90EBEB9}.Release|Mixed Platforms.Build.0 = Release|x86
		{0A850700-1ABB-4288-A391-6726B90EBEB9}.Release|x86.ActiveCfg = Release|x86
		{0A850700-1ABB-4288-A391-6726B90EBEB9}.Release|x86.Build.0 = Release|x86
	EndGlobalSection
	GlobalSection(SolutionProperties) = preSolution
		HideSolutionNode = FALSE
	EndGlobalSection
EndGlobal
